
Microsoft Visual Studio Solution File, Format Version 12.00
# Visual Studio Version 17
VisualStudioVersion = 17.5.33502.453
MinimumVisualStudioVersion = 10.0.40219.1
Project("{9A19103F-16F7-4668-BE54-9A1E7A4F7556}") = "CustomCollections", "CustomCollections\CustomCollections.csproj", "{5E1A0468-AD46-4DCD-A152-8EAE7B26AF05}"
EndProject
Global
	GlobalSection(SolutionConfigurationPlatforms) = preSolution
		Debug|Any CPU = Debug|Any CPU
		Release|Any CPU = Release|Any CPU
	EndGlobalSection
	GlobalSection(ProjectConfigurationPlatforms) = postSolution
		{5E1A0468-AD46-4DCD-A152-8EAE7B26AF05}.Debug|Any CPU.ActiveCfg = Debug|Any CPU
		{5E1A0468-AD46-4DCD-A152-8EAE7B26AF05}.Debug|Any CPU.Build.0 = Debug|Any CPU
		{5E1A0468-AD46-4DCD-A152-8EAE7B26AF05}.Release|Any CPU.ActiveCfg = Release|Any CPU
		{5E1A0468-AD46-4DCD-A152-8EAE7B26AF05}.Release|Any CPU.Build.0 = Release|Any CPU
	EndGlobalSection
	GlobalSection(SolutionProperties) = preSolution
		HideSolutionNode = FALSE
	EndGlobalSection
	GlobalSection(ExtensibilityGlobals) = postSolution
		SolutionGuid = {2C9736F9-610C-44D4-BECA-1A976FEF4067}
	EndGlobalSection
EndGlobal
