
Microsoft Visual Studio Solution File, Format Version 12.00
# Visual Studio Version 17
VisualStudioVersion = 17.0.31903.59
MinimumVisualStudioVersion = 10.0.40219.1
Project("{2150E333-8FDC-42A3-9474-1A3956D46DE8}") = "Datalayer", "Datalayer", "{3A7A0607-E861-4C96-B2FF-C3B0DE93F95F}"
EndProject
Project("{9A19103F-16F7-4668-BE54-9A1E7A4F7556}") = "ACME.DataLayer.Documents", "Datalayer\ACME.DataLayer.Documents\ACME.DataLayer.Documents.csproj", "{F4ACA0FC-57AC-4F42-8B13-E9B28CC24785}"
EndProject
Project("{9A19103F-16F7-4668-BE54-9A1E7A4F7556}") = "ACME.DataLayer.Entities", "Datalayer\ACME.DataLayer.Entities\ACME.DataLayer.Entities.csproj", "{B49FC006-B737-4E55-93C1-34AC7DA690AF}"
EndProject
Project("{9A19103F-16F7-4668-BE54-9A1E7A4F7556}") = "ACME.DataLayer.Interfaces", "Datalayer\ACME.DataLayer.Interfaces\ACME.DataLayer.Interfaces.csproj", "{977C2C08-DD99-472A-B2FD-1F6AC6C3B082}"
EndProject
Project("{9A19103F-16F7-4668-BE54-9A1E7A4F7556}") = "ACME.DataLayer.Repository.SqlServer", "Datalayer\ACME.DataLayer.Repository.SqlServer\ACME.DataLayer.Repository.SqlServer.csproj", "{BB73BCD9-381A-4071-89C1-CD4E1D02A630}"
EndProject
Project("{9A19103F-16F7-4668-BE54-9A1E7A4F7556}") = "ACME.DataLayer.Stubs", "Datalayer\ACME.DataLayer.Stubs\ACME.DataLayer.Stubs.csproj", "{87412D94-47C0-443C-8193-300943DD57E2}"
EndProject
Project("{2150E333-8FDC-42A3-9474-1A3956D46DE8}") = "Frontend", "Frontend", "{FF926D96-D6AF-4F18-83F7-74623279DD64}"
EndProject
Project("{9A19103F-16F7-4668-BE54-9A1E7A4F7556}") = "ACME.Frontend.WPF", "Frontend\ACME.Frontend.WPF\ACME.Frontend.WPF.csproj", "{F09C270A-15D8-4B7F-8910-9C7BD0C56ADA}"
EndProject
Project("{9A19103F-16F7-4668-BE54-9A1E7A4F7556}") = "ACME.Frontend.WPF.Core", "Frontend\ACME.Frontend.WPF.Core\ACME.Frontend.WPF.Core.csproj", "{28370E21-EDAA-4C36-A74F-594E60669316}"
EndProject
Project("{9A19103F-16F7-4668-BE54-9A1E7A4F7556}") = "ACME.Frontend.WPF.UserControls", "Frontend\ACME.Frontend.WPF.UserControls\ACME.Frontend.WPF.UserControls.csproj", "{48BEDF42-181E-4054-8BFA-0207666A4D78}"
EndProject
Global
	GlobalSection(SolutionConfigurationPlatforms) = preSolution
		Debug|Any CPU = Debug|Any CPU
		Release|Any CPU = Release|Any CPU
	EndGlobalSection
	GlobalSection(ProjectConfigurationPlatforms) = postSolution
		{F4ACA0FC-57AC-4F42-8B13-E9B28CC24785}.Debug|Any CPU.ActiveCfg = Debug|Any CPU
		{F4ACA0FC-57AC-4F42-8B13-E9B28CC24785}.Debug|Any CPU.Build.0 = Debug|Any CPU
		{F4ACA0FC-57AC-4F42-8B13-E9B28CC24785}.Release|Any CPU.ActiveCfg = Release|Any CPU
		{F4ACA0FC-57AC-4F42-8B13-E9B28CC24785}.Release|Any CPU.Build.0 = Release|Any CPU
		{B49FC006-B737-4E55-93C1-34AC7DA690AF}.Debug|Any CPU.ActiveCfg = Debug|Any CPU
		{B49FC006-B737-4E55-93C1-34AC7DA690AF}.Debug|Any CPU.Build.0 = Debug|Any CPU
		{B49FC006-B737-4E55-93C1-34AC7DA690AF}.Release|Any CPU.ActiveCfg = Release|Any CPU
		{B49FC006-B737-4E55-93C1-34AC7DA690AF}.Release|Any CPU.Build.0 = Release|Any CPU
		{977C2C08-DD99-472A-B2FD-1F6AC6C3B082}.Debug|Any CPU.ActiveCfg = Debug|Any CPU
		{977C2C08-DD99-472A-B2FD-1F6AC6C3B082}.Debug|Any CPU.Build.0 = Debug|Any CPU
		{977C2C08-DD99-472A-B2FD-1F6AC6C3B082}.Release|Any CPU.ActiveCfg = Release|Any CPU
		{977C2C08-DD99-472A-B2FD-1F6AC6C3B082}.Release|Any CPU.Build.0 = Release|Any CPU
		{BB73BCD9-381A-4071-89C1-CD4E1D02A630}.Debug|Any CPU.ActiveCfg = Debug|Any CPU
		{BB73BCD9-381A-4071-89C1-CD4E1D02A630}.Debug|Any CPU.Build.0 = Debug|Any CPU
		{BB73BCD9-381A-4071-89C1-CD4E1D02A630}.Release|Any CPU.ActiveCfg = Release|Any CPU
		{BB73BCD9-381A-4071-89C1-CD4E1D02A630}.Release|Any CPU.Build.0 = Release|Any CPU
		{87412D94-47C0-443C-8193-300943DD57E2}.Debug|Any CPU.ActiveCfg = Debug|Any CPU
		{87412D94-47C0-443C-8193-300943DD57E2}.Debug|Any CPU.Build.0 = Debug|Any CPU
		{87412D94-47C0-443C-8193-300943DD57E2}.Release|Any CPU.ActiveCfg = Release|Any CPU
		{87412D94-47C0-443C-8193-300943DD57E2}.Release|Any CPU.Build.0 = Release|Any CPU
		{F09C270A-15D8-4B7F-8910-9C7BD0C56ADA}.Debug|Any CPU.ActiveCfg = Debug|Any CPU
		{F09C270A-15D8-4B7F-8910-9C7BD0C56ADA}.Debug|Any CPU.Build.0 = Debug|Any CPU
		{F09C270A-15D8-4B7F-8910-9C7BD0C56ADA}.Release|Any CPU.ActiveCfg = Release|Any CPU
		{F09C270A-15D8-4B7F-8910-9C7BD0C56ADA}.Release|Any CPU.Build.0 = Release|Any CPU
		{28370E21-EDAA-4C36-A74F-594E60669316}.Debug|Any CPU.ActiveCfg = Debug|Any CPU
		{28370E21-EDAA-4C36-A74F-594E60669316}.Debug|Any CPU.Build.0 = Debug|Any CPU
		{28370E21-EDAA-4C36-A74F-594E60669316}.Release|Any CPU.ActiveCfg = Release|Any CPU
		{28370E21-EDAA-4C36-A74F-594E60669316}.Release|Any CPU.Build.0 = Release|Any CPU
		{48BEDF42-181E-4054-8BFA-0207666A4D78}.Debug|Any CPU.ActiveCfg = Debug|Any CPU
		{48BEDF42-181E-4054-8BFA-0207666A4D78}.Debug|Any CPU.Build.0 = Debug|Any CPU
		{48BEDF42-181E-4054-8BFA-0207666A4D78}.Release|Any CPU.ActiveCfg = Release|Any CPU
		{48BEDF42-181E-4054-8BFA-0207666A4D78}.Release|Any CPU.Build.0 = Release|Any CPU
	EndGlobalSection
	GlobalSection(SolutionProperties) = preSolution
		HideSolutionNode = FALSE
	EndGlobalSection
	GlobalSection(NestedProjects) = preSolution
		{F4ACA0FC-57AC-4F42-8B13-E9B28CC24785} = {3A7A0607-E861-4C96-B2FF-C3B0DE93F95F}
		{B49FC006-B737-4E55-93C1-34AC7DA690AF} = {3A7A0607-E861-4C96-B2FF-C3B0DE93F95F}
		{977C2C08-DD99-472A-B2FD-1F6AC6C3B082} = {3A7A0607-E861-4C96-B2FF-C3B0DE93F95F}
		{BB73BCD9-381A-4071-89C1-CD4E1D02A630} = {3A7A0607-E861-4C96-B2FF-C3B0DE93F95F}
		{87412D94-47C0-443C-8193-300943DD57E2} = {3A7A0607-E861-4C96-B2FF-C3B0DE93F95F}
		{F09C270A-15D8-4B7F-8910-9C7BD0C56ADA} = {FF926D96-D6AF-4F18-83F7-74623279DD64}
		{28370E21-EDAA-4C36-A74F-594E60669316} = {FF926D96-D6AF-4F18-83F7-74623279DD64}
		{48BEDF42-181E-4054-8BFA-0207666A4D78} = {FF926D96-D6AF-4F18-83F7-74623279DD64}
	EndGlobalSection
	GlobalSection(ExtensibilityGlobals) = postSolution
		SolutionGuid = {3BD2EEA1-233D-44EA-93D1-20A5C7174400}
	EndGlobalSection
EndGlobal
