
Microsoft Visual Studio Solution File, Format Version 12.00
# Visual Studio Version 17
VisualStudioVersion = 17.0.31903.59
MinimumVisualStudioVersion = 10.0.40219.1
Project("{FAE04EC0-301F-11D3-BF4B-00C04F79EFBC}") = "ACME.DataLayer.Documents", "ACME.DataLayer.Documents\ACME.DataLayer.Documents.csproj", "{75481990-B1FF-4989-A4F4-333F136CD777}"
EndProject
Project("{FAE04EC0-301F-11D3-BF4B-00C04F79EFBC}") = "ACME.DataLayer.Entities", "ACME.DataLayer.Entities\ACME.DataLayer.Entities.csproj", "{02ABBFCE-A071-4A15-8052-EE36403DB64D}"
EndProject
Project("{FAE04EC0-301F-11D3-BF4B-00C04F79EFBC}") = "ACME.DataLayer.Interfaces", "ACME.DataLayer.Interfaces\ACME.DataLayer.Interfaces.csproj", "{5DAA1C8C-1922-4743-A147-EB2A90FEF824}"
EndProject
Project("{FAE04EC0-301F-11D3-BF4B-00C04F79EFBC}") = "ACME.DataLayer.Repository.SqlServer", "ACME.DataLayer.Repository.SqlServer\ACME.DataLayer.Repository.SqlServer.csproj", "{39225572-EE85-496A-A49A-13ADC60D202D}"
EndProject
Project("{FAE04EC0-301F-11D3-BF4B-00C04F79EFBC}") = "ACME.DataLayer.Stubs", "ACME.DataLayer.Stubs\ACME.DataLayer.Stubs.csproj", "{40D4F78B-7D26-4E83-A4D5-2B8466DB2DF0}"
EndProject
Global
	GlobalSection(SolutionConfigurationPlatforms) = preSolution
		Debug|Any CPU = Debug|Any CPU
		Release|Any CPU = Release|Any CPU
	EndGlobalSection
	GlobalSection(SolutionProperties) = preSolution
		HideSolutionNode = FALSE
	EndGlobalSection
	GlobalSection(ProjectConfigurationPlatforms) = postSolution
		{75481990-B1FF-4989-A4F4-333F136CD777}.Debug|Any CPU.ActiveCfg = Debug|Any CPU
		{75481990-B1FF-4989-A4F4-333F136CD777}.Debug|Any CPU.Build.0 = Debug|Any CPU
		{75481990-B1FF-4989-A4F4-333F136CD777}.Release|Any CPU.ActiveCfg = Release|Any CPU
		{75481990-B1FF-4989-A4F4-333F136CD777}.Release|Any CPU.Build.0 = Release|Any CPU
		{02ABBFCE-A071-4A15-8052-EE36403DB64D}.Debug|Any CPU.ActiveCfg = Debug|Any CPU
		{02ABBFCE-A071-4A15-8052-EE36403DB64D}.Debug|Any CPU.Build.0 = Debug|Any CPU
		{02ABBFCE-A071-4A15-8052-EE36403DB64D}.Release|Any CPU.ActiveCfg = Release|Any CPU
		{02ABBFCE-A071-4A15-8052-EE36403DB64D}.Release|Any CPU.Build.0 = Release|Any CPU
		{5DAA1C8C-1922-4743-A147-EB2A90FEF824}.Debug|Any CPU.ActiveCfg = Debug|Any CPU
		{5DAA1C8C-1922-4743-A147-EB2A90FEF824}.Debug|Any CPU.Build.0 = Debug|Any CPU
		{5DAA1C8C-1922-4743-A147-EB2A90FEF824}.Release|Any CPU.ActiveCfg = Release|Any CPU
		{5DAA1C8C-1922-4743-A147-EB2A90FEF824}.Release|Any CPU.Build.0 = Release|Any CPU
		{39225572-EE85-496A-A49A-13ADC60D202D}.Debug|Any CPU.ActiveCfg = Debug|Any CPU
		{39225572-EE85-496A-A49A-13ADC60D202D}.Debug|Any CPU.Build.0 = Debug|Any CPU
		{39225572-EE85-496A-A49A-13ADC60D202D}.Release|Any CPU.ActiveCfg = Release|Any CPU
		{39225572-EE85-496A-A49A-13ADC60D202D}.Release|Any CPU.Build.0 = Release|Any CPU
		{40D4F78B-7D26-4E83-A4D5-2B8466DB2DF0}.Debug|Any CPU.ActiveCfg = Debug|Any CPU
		{40D4F78B-7D26-4E83-A4D5-2B8466DB2DF0}.Debug|Any CPU.Build.0 = Debug|Any CPU
		{40D4F78B-7D26-4E83-A4D5-2B8466DB2DF0}.Release|Any CPU.ActiveCfg = Release|Any CPU
		{40D4F78B-7D26-4E83-A4D5-2B8466DB2DF0}.Release|Any CPU.Build.0 = Release|Any CPU
	EndGlobalSection
EndGlobal
